// !$*UTF8*$!
{
	archiveVersion = 1;
	classes = {
	};
	objectVersion = 56;
	objects = {

/* Begin PBXBuildFile section */
		CF08F3632A69BACD000933B1 /* LoaderView.swift in Sources */ = {isa = PBXBuildFile; fileRef = CF08F3622A69BACD000933B1 /* LoaderView.swift */; };
		CF09E6322A655B5200C947A3 /* Fonts.swift in Sources */ = {isa = PBXBuildFile; fileRef = CF09E6312A655B5200C947A3 /* Fonts.swift */; };
		CF09E6342A65601100C947A3 /* Colors.swift in Sources */ = {isa = PBXBuildFile; fileRef = CF09E6332A65601100C947A3 /* Colors.swift */; };
		CF09E6362A6564FD00C947A3 /* Placeholder.swift in Sources */ = {isa = PBXBuildFile; fileRef = CF09E6352A6564FD00C947A3 /* Placeholder.swift */; };
		CF09E63A2A65699F00C947A3 /* String+Localized.swift in Sources */ = {isa = PBXBuildFile; fileRef = CF09E6392A65699F00C947A3 /* String+Localized.swift */; };
		CF09E6402A656A8800C947A3 /* Bundle+Localized.swift in Sources */ = {isa = PBXBuildFile; fileRef = CF09E63F2A656A8800C947A3 /* Bundle+Localized.swift */; };
		CF09E6422A656B2700C947A3 /* Localizable.xcstrings in Resources */ = {isa = PBXBuildFile; fileRef = CF09E6412A656B2700C947A3 /* Localizable.xcstrings */; };
		CF09E6442A656FC200C947A3 /* Alerts.swift in Sources */ = {isa = PBXBuildFile; fileRef = CF09E6432A656FC200C947A3 /* Alerts.swift */; };
		CF1700332A6A898F006A7415 /* UIKit+Extensions.swift in Sources */ = {isa = PBXBuildFile; fileRef = CF1700322A6A898F006A7415 /* UIKit+Extensions.swift */; };
		CF1700352A6A8BBA006A7415 /* KeyboardAdaptive.swift in Sources */ = {isa = PBXBuildFile; fileRef = CF1700342A6A8BBA006A7415 /* KeyboardAdaptive.swift */; };
		CF1700372A6A93D0006A7415 /* PasteboardHelper.swift in Sources */ = {isa = PBXBuildFile; fileRef = CF1700362A6A93D0006A7415 /* PasteboardHelper.swift */; };
		CF1700392A6A945A006A7415 /* VibrationHelper.swift in Sources */ = {isa = PBXBuildFile; fileRef = CF1700382A6A945A006A7415 /* VibrationHelper.swift */; };
		CF17003B2A6A9544006A7415 /* LazyView.swift in Sources */ = {isa = PBXBuildFile; fileRef = CF17003A2A6A9544006A7415 /* LazyView.swift */; };
		CF17008E2A710F98006A7415 /* PlistManager.swift in Sources */ = {isa = PBXBuildFile; fileRef = CF17008B2A710F98006A7415 /* PlistManager.swift */; };
		CF17008F2A710F98006A7415 /* Utilities.swift in Sources */ = {isa = PBXBuildFile; fileRef = CF17008C2A710F98006A7415 /* Utilities.swift */; };
		CF1700902A710F98006A7415 /* S3Handler.swift in Sources */ = {isa = PBXBuildFile; fileRef = CF17008D2A710F98006A7415 /* S3Handler.swift */; };
		CF1700922A7110A4006A7415 /* SharedDelegate.swift in Sources */ = {isa = PBXBuildFile; fileRef = CF1700912A7110A4006A7415 /* SharedDelegate.swift */; };
		CF1700962A7112F8006A7415 /* AppConstant.swift in Sources */ = {isa = PBXBuildFile; fileRef = CF1700952A7112F8006A7415 /* AppConstant.swift */; };
		CF19158A2A5F3BB300D53DA5 /* ShoWorksLogo.swift in Sources */ = {isa = PBXBuildFile; fileRef = CF1915892A5F3BB300D53DA5 /* ShoWorksLogo.swift */; };
		CF4384452A66A205000A7022 /* ActivityIndicatorView in Frameworks */ = {isa = PBXBuildFile; productRef = CF4384442A66A205000A7022 /* ActivityIndicatorView */; };
		CF4384482A66B765000A7022 /* ShoWorksAPIService.swift in Sources */ = {isa = PBXBuildFile; fileRef = CF4384472A66B765000A7022 /* ShoWorksAPIService.swift */; };
		CF43844A2A66B7C4000A7022 /* ShoWorksAPISession.swift in Sources */ = {isa = PBXBuildFile; fileRef = CF4384492A66B7C4000A7022 /* ShoWorksAPISession.swift */; };
		CF43844C2A66B7EA000A7022 /* ShoWorksService.swift in Sources */ = {isa = PBXBuildFile; fileRef = CF43844B2A66B7EA000A7022 /* ShoWorksService.swift */; };
		CF43844E2A66B835000A7022 /* ShoWorksEndpoint.swift in Sources */ = {isa = PBXBuildFile; fileRef = CF43844D2A66B835000A7022 /* ShoWorksEndpoint.swift */; };
		CF4384502A66B853000A7022 /* APIConstants.swift in Sources */ = {isa = PBXBuildFile; fileRef = CF43844F2A66B853000A7022 /* APIConstants.swift */; };
		CF4384532A66B918000A7022 /* ShoWorksAuthenticationModel.swift in Sources */ = {isa = PBXBuildFile; fileRef = CF4384522A66B918000A7022 /* ShoWorksAuthenticationModel.swift */; };
		CF4384552A66B988000A7022 /* ShoWorksAuthenticationAPIResponse.swift in Sources */ = {isa = PBXBuildFile; fileRef = CF4384542A66B988000A7022 /* ShoWorksAuthenticationAPIResponse.swift */; };
		CF4384582A672CA6000A7022 /* UserSettings.swift in Sources */ = {isa = PBXBuildFile; fileRef = CF4384572A672CA6000A7022 /* UserSettings.swift */; };
		CF5BC6B62A69423100114C32 /* DataCenter.swift in Sources */ = {isa = PBXBuildFile; fileRef = CF5BC6B52A69423100114C32 /* DataCenter.swift */; };
		CF6BEDE72A5F026900CE209A /* SplashView.swift in Sources */ = {isa = PBXBuildFile; fileRef = CF6BEDE62A5F026900CE209A /* SplashView.swift */; };
		CF6BEDE92A5F02C400CE209A /* InputSerial.swift in Sources */ = {isa = PBXBuildFile; fileRef = CF6BEDE82A5F02C400CE209A /* InputSerial.swift */; };
		CF6BEDEC2A5F02F800CE209A /* ShoWorksBackground.swift in Sources */ = {isa = PBXBuildFile; fileRef = CF6BEDEB2A5F02F800CE209A /* ShoWorksBackground.swift */; };
		CFA093052A711C670013E6B3 /* SheetsData.plist in Resources */ = {isa = PBXBuildFile; fileRef = CFA093042A711C670013E6B3 /* SheetsData.plist */; };
		CFA093072A712A510013E6B3 /* HomeView.swift in Sources */ = {isa = PBXBuildFile; fileRef = CFA093062A712A510013E6B3 /* HomeView.swift */; };
		CFA0930C2A7131460013E6B3 /* HomeViewModel.swift in Sources */ = {isa = PBXBuildFile; fileRef = CFA0930B2A7131460013E6B3 /* HomeViewModel.swift */; };
		CFA093392A715D730013E6B3 /* AWSAccount in Frameworks */ = {isa = PBXBuildFile; productRef = CFA093382A715D730013E6B3 /* AWSAccount */; };
		CFA0933B2A715D730013E6B3 /* AWSAppConfig in Frameworks */ = {isa = PBXBuildFile; productRef = CFA0933A2A715D730013E6B3 /* AWSAppConfig */; };
		CFA0933D2A715D730013E6B3 /* AWSAppConfigData in Frameworks */ = {isa = PBXBuildFile; productRef = CFA0933C2A715D730013E6B3 /* AWSAppConfigData */; };
		CFA0933F2A715D730013E6B3 /* AWSConnect in Frameworks */ = {isa = PBXBuildFile; productRef = CFA0933E2A715D730013E6B3 /* AWSConnect */; };
		CFA093412A715D730013E6B3 /* AWSIAM in Frameworks */ = {isa = PBXBuildFile; productRef = CFA093402A715D730013E6B3 /* AWSIAM */; };
		CFA093432A715D730013E6B3 /* AWSMobile in Frameworks */ = {isa = PBXBuildFile; productRef = CFA093422A715D730013E6B3 /* AWSMobile */; };
		CFA093452A715D730013E6B3 /* AWSPinpoint in Frameworks */ = {isa = PBXBuildFile; productRef = CFA093442A715D730013E6B3 /* AWSPinpoint */; };
		CFA093472A715D730013E6B3 /* AWSS3 in Frameworks */ = {isa = PBXBuildFile; productRef = CFA093462A715D730013E6B3 /* AWSS3 */; };
		CFA093492A715D730013E6B3 /* AWSS3Control in Frameworks */ = {isa = PBXBuildFile; productRef = CFA093482A715D730013E6B3 /* AWSS3Control */; };
		CFA0934B2A715D730013E6B3 /* AWSS3Outposts in Frameworks */ = {isa = PBXBuildFile; productRef = CFA0934A2A715D730013E6B3 /* AWSS3Outposts */; };
		CFE6ED132A5EB57100F6867E /* RealityKitContent in Frameworks */ = {isa = PBXBuildFile; productRef = CFE6ED122A5EB57100F6867E /* RealityKitContent */; };
		CFE6ED152A5EB57100F6867E /* ShoWorksApp.swift in Sources */ = {isa = PBXBuildFile; fileRef = CFE6ED142A5EB57100F6867E /* ShoWorksApp.swift */; };
		CFE6ED192A5EB57200F6867E /* Assets.xcassets in Resources */ = {isa = PBXBuildFile; fileRef = CFE6ED182A5EB57200F6867E /* Assets.xcassets */; };
		CFE6ED1C2A5EB57200F6867E /* Preview Assets.xcassets in Resources */ = {isa = PBXBuildFile; fileRef = CFE6ED1B2A5EB57200F6867E /* Preview Assets.xcassets */; };
/* End PBXBuildFile section */

/* Begin PBXFileReference section */
		CF08F3622A69BACD000933B1 /* LoaderView.swift */ = {isa = PBXFileReference; lastKnownFileType = sourcecode.swift; path = LoaderView.swift; sourceTree = "<group>"; };
		CF09E6312A655B5200C947A3 /* Fonts.swift */ = {isa = PBXFileReference; lastKnownFileType = sourcecode.swift; path = Fonts.swift; sourceTree = "<group>"; };
		CF09E6332A65601100C947A3 /* Colors.swift */ = {isa = PBXFileReference; lastKnownFileType = sourcecode.swift; path = Colors.swift; sourceTree = "<group>"; };
		CF09E6352A6564FD00C947A3 /* Placeholder.swift */ = {isa = PBXFileReference; lastKnownFileType = sourcecode.swift; path = Placeholder.swift; sourceTree = "<group>"; };
		CF09E6392A65699F00C947A3 /* String+Localized.swift */ = {isa = PBXFileReference; lastKnownFileType = sourcecode.swift; path = "String+Localized.swift"; sourceTree = "<group>"; };
		CF09E63F2A656A8800C947A3 /* Bundle+Localized.swift */ = {isa = PBXFileReference; lastKnownFileType = sourcecode.swift; path = "Bundle+Localized.swift"; sourceTree = "<group>"; };
		CF09E6412A656B2700C947A3 /* Localizable.xcstrings */ = {isa = PBXFileReference; lastKnownFileType = text.json.xcstrings; path = Localizable.xcstrings; sourceTree = "<group>"; };
		CF09E6432A656FC200C947A3 /* Alerts.swift */ = {isa = PBXFileReference; lastKnownFileType = sourcecode.swift; path = Alerts.swift; sourceTree = "<group>"; };
		CF1700322A6A898F006A7415 /* UIKit+Extensions.swift */ = {isa = PBXFileReference; fileEncoding = 4; lastKnownFileType = sourcecode.swift; path = "UIKit+Extensions.swift"; sourceTree = "<group>"; };
		CF1700342A6A8BBA006A7415 /* KeyboardAdaptive.swift */ = {isa = PBXFileReference; fileEncoding = 4; lastKnownFileType = sourcecode.swift; path = KeyboardAdaptive.swift; sourceTree = "<group>"; };
		CF1700362A6A93D0006A7415 /* PasteboardHelper.swift */ = {isa = PBXFileReference; fileEncoding = 4; lastKnownFileType = sourcecode.swift; path = PasteboardHelper.swift; sourceTree = "<group>"; };
		CF1700382A6A945A006A7415 /* VibrationHelper.swift */ = {isa = PBXFileReference; lastKnownFileType = sourcecode.swift; path = VibrationHelper.swift; sourceTree = "<group>"; };
		CF17003A2A6A9544006A7415 /* LazyView.swift */ = {isa = PBXFileReference; lastKnownFileType = sourcecode.swift; path = LazyView.swift; sourceTree = "<group>"; };
		CF17008B2A710F98006A7415 /* PlistManager.swift */ = {isa = PBXFileReference; fileEncoding = 4; lastKnownFileType = sourcecode.swift; path = PlistManager.swift; sourceTree = "<group>"; };
		CF17008C2A710F98006A7415 /* Utilities.swift */ = {isa = PBXFileReference; fileEncoding = 4; lastKnownFileType = sourcecode.swift; path = Utilities.swift; sourceTree = "<group>"; };
		CF17008D2A710F98006A7415 /* S3Handler.swift */ = {isa = PBXFileReference; fileEncoding = 4; lastKnownFileType = sourcecode.swift; path = S3Handler.swift; sourceTree = "<group>"; };
		CF1700912A7110A4006A7415 /* SharedDelegate.swift */ = {isa = PBXFileReference; lastKnownFileType = sourcecode.swift; path = SharedDelegate.swift; sourceTree = "<group>"; };
		CF1700952A7112F8006A7415 /* AppConstant.swift */ = {isa = PBXFileReference; lastKnownFileType = sourcecode.swift; path = AppConstant.swift; sourceTree = "<group>"; };
		CF1915892A5F3BB300D53DA5 /* ShoWorksLogo.swift */ = {isa = PBXFileReference; lastKnownFileType = sourcecode.swift; path = ShoWorksLogo.swift; sourceTree = "<group>"; };
		CF4384472A66B765000A7022 /* ShoWorksAPIService.swift */ = {isa = PBXFileReference; lastKnownFileType = sourcecode.swift; path = ShoWorksAPIService.swift; sourceTree = "<group>"; };
		CF4384492A66B7C4000A7022 /* ShoWorksAPISession.swift */ = {isa = PBXFileReference; lastKnownFileType = sourcecode.swift; path = ShoWorksAPISession.swift; sourceTree = "<group>"; };
		CF43844B2A66B7EA000A7022 /* ShoWorksService.swift */ = {isa = PBXFileReference; lastKnownFileType = sourcecode.swift; path = ShoWorksService.swift; sourceTree = "<group>"; };
		CF43844D2A66B835000A7022 /* ShoWorksEndpoint.swift */ = {isa = PBXFileReference; lastKnownFileType = sourcecode.swift; path = ShoWorksEndpoint.swift; sourceTree = "<group>"; };
		CF43844F2A66B853000A7022 /* APIConstants.swift */ = {isa = PBXFileReference; lastKnownFileType = sourcecode.swift; path = APIConstants.swift; sourceTree = "<group>"; };
		CF4384522A66B918000A7022 /* ShoWorksAuthenticationModel.swift */ = {isa = PBXFileReference; lastKnownFileType = sourcecode.swift; path = ShoWorksAuthenticationModel.swift; sourceTree = "<group>"; };
		CF4384542A66B988000A7022 /* ShoWorksAuthenticationAPIResponse.swift */ = {isa = PBXFileReference; lastKnownFileType = sourcecode.swift; path = ShoWorksAuthenticationAPIResponse.swift; sourceTree = "<group>"; };
		CF4384572A672CA6000A7022 /* UserSettings.swift */ = {isa = PBXFileReference; lastKnownFileType = sourcecode.swift; path = UserSettings.swift; sourceTree = "<group>"; };
		CF5BC6B52A69423100114C32 /* DataCenter.swift */ = {isa = PBXFileReference; fileEncoding = 4; lastKnownFileType = sourcecode.swift; path = DataCenter.swift; sourceTree = "<group>"; };
		CF6BEDE62A5F026900CE209A /* SplashView.swift */ = {isa = PBXFileReference; fileEncoding = 4; lastKnownFileType = sourcecode.swift; path = SplashView.swift; sourceTree = "<group>"; };
		CF6BEDE82A5F02C400CE209A /* InputSerial.swift */ = {isa = PBXFileReference; lastKnownFileType = sourcecode.swift; path = InputSerial.swift; sourceTree = "<group>"; };
		CF6BEDEB2A5F02F800CE209A /* ShoWorksBackground.swift */ = {isa = PBXFileReference; lastKnownFileType = sourcecode.swift; path = ShoWorksBackground.swift; sourceTree = "<group>"; };
		CFA093042A711C670013E6B3 /* SheetsData.plist */ = {isa = PBXFileReference; fileEncoding = 4; lastKnownFileType = text.plist.xml; path = SheetsData.plist; sourceTree = "<group>"; };
		CFA093062A712A510013E6B3 /* HomeView.swift */ = {isa = PBXFileReference; lastKnownFileType = sourcecode.swift; path = HomeView.swift; sourceTree = "<group>"; };
		CFA0930B2A7131460013E6B3 /* HomeViewModel.swift */ = {isa = PBXFileReference; lastKnownFileType = sourcecode.swift; path = HomeViewModel.swift; sourceTree = "<group>"; };
		CFE6ED0D2A5EB57100F6867E /* ShoWorks.app */ = {isa = PBXFileReference; explicitFileType = wrapper.application; includeInIndex = 0; path = ShoWorks.app; sourceTree = BUILT_PRODUCTS_DIR; };
		CFE6ED112A5EB57100F6867E /* RealityKitContent */ = {isa = PBXFileReference; lastKnownFileType = wrapper; path = RealityKitContent; sourceTree = "<group>"; };
		CFE6ED142A5EB57100F6867E /* ShoWorksApp.swift */ = {isa = PBXFileReference; lastKnownFileType = sourcecode.swift; path = ShoWorksApp.swift; sourceTree = "<group>"; };
		CFE6ED182A5EB57200F6867E /* Assets.xcassets */ = {isa = PBXFileReference; lastKnownFileType = folder.assetcatalog; path = Assets.xcassets; sourceTree = "<group>"; };
		CFE6ED1B2A5EB57200F6867E /* Preview Assets.xcassets */ = {isa = PBXFileReference; lastKnownFileType = folder.assetcatalog; path = "Preview Assets.xcassets"; sourceTree = "<group>"; };
/* End PBXFileReference section */

/* Begin PBXFrameworksBuildPhase section */
		CFE6ED0A2A5EB57100F6867E /* Frameworks */ = {
			isa = PBXFrameworksBuildPhase;
			buildActionMask = 2147483647;
			files = (
				CFA093492A715D730013E6B3 /* AWSS3Control in Frameworks */,
				CFA093472A715D730013E6B3 /* AWSS3 in Frameworks */,
				CFA093452A715D730013E6B3 /* AWSPinpoint in Frameworks */,
				CFA093392A715D730013E6B3 /* AWSAccount in Frameworks */,
				CF4384452A66A205000A7022 /* ActivityIndicatorView in Frameworks */,
				CFA093412A715D730013E6B3 /* AWSIAM in Frameworks */,
				CFA0933B2A715D730013E6B3 /* AWSAppConfig in Frameworks */,
				CFA0934B2A715D730013E6B3 /* AWSS3Outposts in Frameworks */,
				CFA093432A715D730013E6B3 /* AWSMobile in Frameworks */,
				CFA0933D2A715D730013E6B3 /* AWSAppConfigData in Frameworks */,
				CFE6ED132A5EB57100F6867E /* RealityKitContent in Frameworks */,
				CFA0933F2A715D730013E6B3 /* AWSConnect in Frameworks */,
			);
			runOnlyForDeploymentPostprocessing = 0;
		};
/* End PBXFrameworksBuildPhase section */

/* Begin PBXGroup section */
		CF4384462A66B750000A7022 /* Network */ = {
			isa = PBXGroup;
			children = (
				CF4384472A66B765000A7022 /* ShoWorksAPIService.swift */,
				CF4384492A66B7C4000A7022 /* ShoWorksAPISession.swift */,
				CF43844B2A66B7EA000A7022 /* ShoWorksService.swift */,
				CF43844D2A66B835000A7022 /* ShoWorksEndpoint.swift */,
				CF43844F2A66B853000A7022 /* APIConstants.swift */,
			);
			path = Network;
			sourceTree = "<group>";
		};
		CF4384512A66B907000A7022 /* Models */ = {
			isa = PBXGroup;
			children = (
				CF4384522A66B918000A7022 /* ShoWorksAuthenticationModel.swift */,
				CF4384542A66B988000A7022 /* ShoWorksAuthenticationAPIResponse.swift */,
				CFA0930B2A7131460013E6B3 /* HomeViewModel.swift */,
			);
			path = Models;
			sourceTree = "<group>";
		};
		CF4384562A672C96000A7022 /* Utils */ = {
			isa = PBXGroup;
			children = (
				CF1700322A6A898F006A7415 /* UIKit+Extensions.swift */,
				CF5BC6B52A69423100114C32 /* DataCenter.swift */,
				CF1700362A6A93D0006A7415 /* PasteboardHelper.swift */,
				CF1700342A6A8BBA006A7415 /* KeyboardAdaptive.swift */,
				CF4384572A672CA6000A7022 /* UserSettings.swift */,
				CF08F3622A69BACD000933B1 /* LoaderView.swift */,
				CF1700382A6A945A006A7415 /* VibrationHelper.swift */,
				CF17008B2A710F98006A7415 /* PlistManager.swift */,
				CF17008D2A710F98006A7415 /* S3Handler.swift */,
				CF17008C2A710F98006A7415 /* Utilities.swift */,
				CF1700912A7110A4006A7415 /* SharedDelegate.swift */,
				CF1700952A7112F8006A7415 /* AppConstant.swift */,
			);
			path = Utils;
			sourceTree = "<group>";
		};
		CF6BEDE52A5F026900CE209A /* Views */ = {
			isa = PBXGroup;
			children = (
				CF6BEDE62A5F026900CE209A /* SplashView.swift */,
				CF6BEDE82A5F02C400CE209A /* InputSerial.swift */,
				CFA093062A712A510013E6B3 /* HomeView.swift */,
			);
			path = Views;
			sourceTree = "<group>";
		};
		CF6BEDEA2A5F02E300CE209A /* Extensions */ = {
			isa = PBXGroup;
			children = (
				CF6BEDEB2A5F02F800CE209A /* ShoWorksBackground.swift */,
				CF1915892A5F3BB300D53DA5 /* ShoWorksLogo.swift */,
				CF09E6312A655B5200C947A3 /* Fonts.swift */,
				CF09E6332A65601100C947A3 /* Colors.swift */,
				CF09E6352A6564FD00C947A3 /* Placeholder.swift */,
				CF09E6392A65699F00C947A3 /* String+Localized.swift */,
				CF09E63F2A656A8800C947A3 /* Bundle+Localized.swift */,
				CF09E6432A656FC200C947A3 /* Alerts.swift */,
				CF17003A2A6A9544006A7415 /* LazyView.swift */,
			);
			path = Extensions;
			sourceTree = "<group>";
		};
		CFE6ED042A5EB57100F6867E = {
			isa = PBXGroup;
			children = (
				CFE6ED0F2A5EB57100F6867E /* ShoWorks */,
				CFE6ED102A5EB57100F6867E /* Packages */,
				CFE6ED0E2A5EB57100F6867E /* Products */,
			);
			sourceTree = "<group>";
		};
		CFE6ED0E2A5EB57100F6867E /* Products */ = {
			isa = PBXGroup;
			children = (
				CFE6ED0D2A5EB57100F6867E /* ShoWorks.app */,
			);
			name = Products;
			sourceTree = "<group>";
		};
		CFE6ED0F2A5EB57100F6867E /* ShoWorks */ = {
			isa = PBXGroup;
			children = (
				CF4384562A672C96000A7022 /* Utils */,
				CF4384512A66B907000A7022 /* Models */,
				CF4384462A66B750000A7022 /* Network */,
				CF6BEDEA2A5F02E300CE209A /* Extensions */,
				CF6BEDE52A5F026900CE209A /* Views */,
				CFE6ED142A5EB57100F6867E /* ShoWorksApp.swift */,
				CFE6ED182A5EB57200F6867E /* Assets.xcassets */,
				CFE6ED1A2A5EB57200F6867E /* Preview Content */,
				CF09E6412A656B2700C947A3 /* Localizable.xcstrings */,
				CFA093042A711C670013E6B3 /* SheetsData.plist */,
			);
			path = ShoWorks;
			sourceTree = "<group>";
		};
		CFE6ED102A5EB57100F6867E /* Packages */ = {
			isa = PBXGroup;
			children = (
				CFE6ED112A5EB57100F6867E /* RealityKitContent */,
			);
			path = Packages;
			sourceTree = "<group>";
		};
		CFE6ED1A2A5EB57200F6867E /* Preview Content */ = {
			isa = PBXGroup;
			children = (
				CFE6ED1B2A5EB57200F6867E /* Preview Assets.xcassets */,
			);
			path = "Preview Content";
			sourceTree = "<group>";
		};
/* End PBXGroup section */

/* Begin PBXNativeTarget section */
		CFE6ED0C2A5EB57100F6867E /* ShoWorks */ = {
			isa = PBXNativeTarget;
			buildConfigurationList = CFE6ED1F2A5EB57200F6867E /* Build configuration list for PBXNativeTarget "ShoWorks" */;
			buildPhases = (
				CFE6ED092A5EB57100F6867E /* Sources */,
				CFE6ED0A2A5EB57100F6867E /* Frameworks */,
				CFE6ED0B2A5EB57100F6867E /* Resources */,
			);
			buildRules = (
			);
			dependencies = (
			);
			name = ShoWorks;
			packageProductDependencies = (
				CFE6ED122A5EB57100F6867E /* RealityKitContent */,
				CF4384442A66A205000A7022 /* ActivityIndicatorView */,
				CFA093382A715D730013E6B3 /* AWSAccount */,
				CFA0933A2A715D730013E6B3 /* AWSAppConfig */,
				CFA0933C2A715D730013E6B3 /* AWSAppConfigData */,
				CFA0933E2A715D730013E6B3 /* AWSConnect */,
				CFA093402A715D730013E6B3 /* AWSIAM */,
				CFA093422A715D730013E6B3 /* AWSMobile */,
				CFA093442A715D730013E6B3 /* AWSPinpoint */,
				CFA093462A715D730013E6B3 /* AWSS3 */,
				CFA093482A715D730013E6B3 /* AWSS3Control */,
				CFA0934A2A715D730013E6B3 /* AWSS3Outposts */,
			);
			productName = ShoWorks;
			productReference = CFE6ED0D2A5EB57100F6867E /* ShoWorks.app */;
			productType = "com.apple.product-type.application";
		};
/* End PBXNativeTarget section */

/* Begin PBXProject section */
		CFE6ED052A5EB57100F6867E /* Project object */ = {
			isa = PBXProject;
			attributes = {
				BuildIndependentTargetsInParallel = 1;
				LastSwiftUpdateCheck = 1500;
				LastUpgradeCheck = 1500;
				TargetAttributes = {
					CFE6ED0C2A5EB57100F6867E = {
						CreatedOnToolsVersion = 15.0;
					};
				};
			};
			buildConfigurationList = CFE6ED082A5EB57100F6867E /* Build configuration list for PBXProject "ShoWorks" */;
			compatibilityVersion = "Xcode 14.0";
			developmentRegion = en;
			hasScannedForEncodings = 0;
			knownRegions = (
				en,
				Base,
			);
			mainGroup = CFE6ED042A5EB57100F6867E;
			packageReferences = (
				CF4384432A66A205000A7022 /* XCRemoteSwiftPackageReference "ActivityIndicatorView" */,
				CFA093372A715D720013E6B3 /* XCRemoteSwiftPackageReference "aws-sdk-swift" */,
			);
			productRefGroup = CFE6ED0E2A5EB57100F6867E /* Products */;
			projectDirPath = "";
			projectRoot = "";
			targets = (
				CFE6ED0C2A5EB57100F6867E /* ShoWorks */,
			);
		};
/* End PBXProject section */

/* Begin PBXResourcesBuildPhase section */
		CFE6ED0B2A5EB57100F6867E /* Resources */ = {
			isa = PBXResourcesBuildPhase;
			buildActionMask = 2147483647;
			files = (
				CFA093052A711C670013E6B3 /* SheetsData.plist in Resources */,
				CFE6ED1C2A5EB57200F6867E /* Preview Assets.xcassets in Resources */,
				CFE6ED192A5EB57200F6867E /* Assets.xcassets in Resources */,
				CF09E6422A656B2700C947A3 /* Localizable.xcstrings in Resources */,
			);
			runOnlyForDeploymentPostprocessing = 0;
		};
/* End PBXResourcesBuildPhase section */

/* Begin PBXSourcesBuildPhase section */
		CFE6ED092A5EB57100F6867E /* Sources */ = {
			isa = PBXSourcesBuildPhase;
			buildActionMask = 2147483647;
			files = (
				CF1700392A6A945A006A7415 /* VibrationHelper.swift in Sources */,
				CFA0930C2A7131460013E6B3 /* HomeViewModel.swift in Sources */,
				CF43844A2A66B7C4000A7022 /* ShoWorksAPISession.swift in Sources */,
				CF09E63A2A65699F00C947A3 /* String+Localized.swift in Sources */,
				CF5BC6B62A69423100114C32 /* DataCenter.swift in Sources */,
				CF4384532A66B918000A7022 /* ShoWorksAuthenticationModel.swift in Sources */,
				CFE6ED152A5EB57100F6867E /* ShoWorksApp.swift in Sources */,
				CF17003B2A6A9544006A7415 /* LazyView.swift in Sources */,
				CF17008E2A710F98006A7415 /* PlistManager.swift in Sources */,
				CF6BEDE92A5F02C400CE209A /* InputSerial.swift in Sources */,
				CF4384502A66B853000A7022 /* APIConstants.swift in Sources */,
				CF6BEDE72A5F026900CE209A /* SplashView.swift in Sources */,
				CF43844E2A66B835000A7022 /* ShoWorksEndpoint.swift in Sources */,
				CF17008F2A710F98006A7415 /* Utilities.swift in Sources */,
				CFA093072A712A510013E6B3 /* HomeView.swift in Sources */,
				CF09E6342A65601100C947A3 /* Colors.swift in Sources */,
				CF4384582A672CA6000A7022 /* UserSettings.swift in Sources */,
				CF1700902A710F98006A7415 /* S3Handler.swift in Sources */,
				CF09E6402A656A8800C947A3 /* Bundle+Localized.swift in Sources */,
				CF43844C2A66B7EA000A7022 /* ShoWorksService.swift in Sources */,
				CF4384482A66B765000A7022 /* ShoWorksAPIService.swift in Sources */,
				CF6BEDEC2A5F02F800CE209A /* ShoWorksBackground.swift in Sources */,
				CF4384552A66B988000A7022 /* ShoWorksAuthenticationAPIResponse.swift in Sources */,
				CF09E6322A655B5200C947A3 /* Fonts.swift in Sources */,
				CF08F3632A69BACD000933B1 /* LoaderView.swift in Sources */,
				CF1700352A6A8BBA006A7415 /* KeyboardAdaptive.swift in Sources */,
				CF1700332A6A898F006A7415 /* UIKit+Extensions.swift in Sources */,
				CF19158A2A5F3BB300D53DA5 /* ShoWorksLogo.swift in Sources */,
				CF09E6442A656FC200C947A3 /* Alerts.swift in Sources */,
				CF1700922A7110A4006A7415 /* SharedDelegate.swift in Sources */,
				CF1700372A6A93D0006A7415 /* PasteboardHelper.swift in Sources */,
				CF09E6362A6564FD00C947A3 /* Placeholder.swift in Sources */,
				CF1700962A7112F8006A7415 /* AppConstant.swift in Sources */,
			);
			runOnlyForDeploymentPostprocessing = 0;
		};
/* End PBXSourcesBuildPhase section */

/* Begin XCBuildConfiguration section */
		CFE6ED1D2A5EB57200F6867E /* Debug */ = {
			isa = XCBuildConfiguration;
			buildSettings = {
				ALWAYS_SEARCH_USER_PATHS = NO;
				ASSETCATALOG_COMPILER_GENERATE_SWIFT_ASSET_SYMBOL_EXTENSIONS = YES;
				CLANG_ANALYZER_NONNULL = YES;
				CLANG_ANALYZER_NUMBER_OBJECT_CONVERSION = YES_AGGRESSIVE;
				CLANG_CXX_LANGUAGE_STANDARD = "gnu++20";
				CLANG_ENABLE_MODULES = YES;
				CLANG_ENABLE_OBJC_ARC = YES;
				CLANG_ENABLE_OBJC_WEAK = YES;
				CLANG_WARN_BLOCK_CAPTURE_AUTORELEASING = YES;
				CLANG_WARN_BOOL_CONVERSION = YES;
				CLANG_WARN_COMMA = YES;
				CLANG_WARN_CONSTANT_CONVERSION = YES;
				CLANG_WARN_DEPRECATED_OBJC_IMPLEMENTATIONS = YES;
				CLANG_WARN_DIRECT_OBJC_ISA_USAGE = YES_ERROR;
				CLANG_WARN_DOCUMENTATION_COMMENTS = YES;
				CLANG_WARN_EMPTY_BODY = YES;
				CLANG_WARN_ENUM_CONVERSION = YES;
				CLANG_WARN_INFINITE_RECURSION = YES;
				CLANG_WARN_INT_CONVERSION = YES;
				CLANG_WARN_NON_LITERAL_NULL_CONVERSION = YES;
				CLANG_WARN_OBJC_IMPLICIT_RETAIN_SELF = YES;
				CLANG_WARN_OBJC_LITERAL_CONVERSION = YES;
				CLANG_WARN_OBJC_ROOT_CLASS = YES_ERROR;
				CLANG_WARN_QUOTED_INCLUDE_IN_FRAMEWORK_HEADER = YES;
				CLANG_WARN_RANGE_LOOP_ANALYSIS = YES;
				CLANG_WARN_STRICT_PROTOTYPES = YES;
				CLANG_WARN_SUSPICIOUS_MOVE = YES;
				CLANG_WARN_UNGUARDED_AVAILABILITY = YES_AGGRESSIVE;
				CLANG_WARN_UNREACHABLE_CODE = YES;
				CLANG_WARN__DUPLICATE_METHOD_MATCH = YES;
				COPY_PHASE_STRIP = NO;
				DEBUG_INFORMATION_FORMAT = dwarf;
				ENABLE_STRICT_OBJC_MSGSEND = YES;
				ENABLE_TESTABILITY = YES;
				ENABLE_USER_SCRIPT_SANDBOXING = YES;
				GCC_C_LANGUAGE_STANDARD = gnu17;
				GCC_DYNAMIC_NO_PIC = NO;
				GCC_NO_COMMON_BLOCKS = YES;
				GCC_OPTIMIZATION_LEVEL = 0;
				GCC_PREPROCESSOR_DEFINITIONS = (
					"DEBUG=1",
					"$(inherited)",
				);
				GCC_WARN_64_TO_32_BIT_CONVERSION = YES;
				GCC_WARN_ABOUT_RETURN_TYPE = YES_ERROR;
				GCC_WARN_UNDECLARED_SELECTOR = YES;
				GCC_WARN_UNINITIALIZED_AUTOS = YES_AGGRESSIVE;
				GCC_WARN_UNUSED_FUNCTION = YES;
				GCC_WARN_UNUSED_VARIABLE = YES;
				LOCALIZATION_PREFERS_STRING_CATALOGS = YES;
				MTL_ENABLE_DEBUG_INFO = INCLUDE_SOURCE;
				MTL_FAST_MATH = YES;
				ONLY_ACTIVE_ARCH = YES;
				SDKROOT = xros;
				SWIFT_ACTIVE_COMPILATION_CONDITIONS = "DEBUG $(inherited)";
				SWIFT_OPTIMIZATION_LEVEL = "-Onone";
				XROS_DEPLOYMENT_TARGET = 1.0;
			};
			name = Debug;
		};
		CFE6ED1E2A5EB57200F6867E /* Release */ = {
			isa = XCBuildConfiguration;
			buildSettings = {
				ALWAYS_SEARCH_USER_PATHS = NO;
				ASSETCATALOG_COMPILER_GENERATE_SWIFT_ASSET_SYMBOL_EXTENSIONS = YES;
				CLANG_ANALYZER_NONNULL = YES;
				CLANG_ANALYZER_NUMBER_OBJECT_CONVERSION = YES_AGGRESSIVE;
				CLANG_CXX_LANGUAGE_STANDARD = "gnu++20";
				CLANG_ENABLE_MODULES = YES;
				CLANG_ENABLE_OBJC_ARC = YES;
				CLANG_ENABLE_OBJC_WEAK = YES;
				CLANG_WARN_BLOCK_CAPTURE_AUTORELEASING = YES;
				CLANG_WARN_BOOL_CONVERSION = YES;
				CLANG_WARN_COMMA = YES;
				CLANG_WARN_CONSTANT_CONVERSION = YES;
				CLANG_WARN_DEPRECATED_OBJC_IMPLEMENTATIONS = YES;
				CLANG_WARN_DIRECT_OBJC_ISA_USAGE = YES_ERROR;
				CLANG_WARN_DOCUMENTATION_COMMENTS = YES;
				CLANG_WARN_EMPTY_BODY = YES;
				CLANG_WARN_ENUM_CONVERSION = YES;
				CLANG_WARN_INFINITE_RECURSION = YES;
				CLANG_WARN_INT_CONVERSION = YES;
				CLANG_WARN_NON_LITERAL_NULL_CONVERSION = YES;
				CLANG_WARN_OBJC_IMPLICIT_RETAIN_SELF = YES;
				CLANG_WARN_OBJC_LITERAL_CONVERSION = YES;
				CLANG_WARN_OBJC_ROOT_CLASS = YES_ERROR;
				CLANG_WARN_QUOTED_INCLUDE_IN_FRAMEWORK_HEADER = YES;
				CLANG_WARN_RANGE_LOOP_ANALYSIS = YES;
				CLANG_WARN_STRICT_PROTOTYPES = YES;
				CLANG_WARN_SUSPICIOUS_MOVE = YES;
				CLANG_WARN_UNGUARDED_AVAILABILITY = YES_AGGRESSIVE;
				CLANG_WARN_UNREACHABLE_CODE = YES;
				CLANG_WARN__DUPLICATE_METHOD_MATCH = YES;
				COPY_PHASE_STRIP = NO;
				DEBUG_INFORMATION_FORMAT = "dwarf-with-dsym";
				ENABLE_NS_ASSERTIONS = NO;
				ENABLE_STRICT_OBJC_MSGSEND = YES;
				ENABLE_USER_SCRIPT_SANDBOXING = YES;
				GCC_C_LANGUAGE_STANDARD = gnu17;
				GCC_NO_COMMON_BLOCKS = YES;
				GCC_WARN_64_TO_32_BIT_CONVERSION = YES;
				GCC_WARN_ABOUT_RETURN_TYPE = YES_ERROR;
				GCC_WARN_UNDECLARED_SELECTOR = YES;
				GCC_WARN_UNINITIALIZED_AUTOS = YES_AGGRESSIVE;
				GCC_WARN_UNUSED_FUNCTION = YES;
				GCC_WARN_UNUSED_VARIABLE = YES;
				LOCALIZATION_PREFERS_STRING_CATALOGS = YES;
				MTL_ENABLE_DEBUG_INFO = NO;
				MTL_FAST_MATH = YES;
				SDKROOT = xros;
				SWIFT_COMPILATION_MODE = wholemodule;
				VALIDATE_PRODUCT = YES;
				XROS_DEPLOYMENT_TARGET = 1.0;
			};
			name = Release;
		};
		CFE6ED202A5EB57200F6867E /* Debug */ = {
			isa = XCBuildConfiguration;
			buildSettings = {
				ASSETCATALOG_COMPILER_APPICON_NAME = AppIcon;
				ASSETCATALOG_COMPILER_GLOBAL_ACCENT_COLOR_NAME = AccentColor;
				CODE_SIGN_STYLE = Automatic;
				CURRENT_PROJECT_VERSION = 1;
				DEVELOPMENT_ASSET_PATHS = "\"ShoWorks/Preview Content\"";
				DEVELOPMENT_TEAM = 34P54SA2XE;
				ENABLE_PREVIEWS = YES;
				FRAMEWORK_SEARCH_PATHS = (
					"$(inherited)",
					"$(PROJECT_DIR)/ShoWorks/Amazon/AWS",
					"$(PROJECT_DIR)/ShoWorks/Amazon/AWS/third-party",
				);
				GENERATE_INFOPLIST_FILE = YES;
				INFOPLIST_KEY_UIApplicationSceneManifest_Generation = YES;
				LD_RUNPATH_SEARCH_PATHS = (
					"$(inherited)",
					"@executable_path/Frameworks",
				);
				MARKETING_VERSION = 1.0;
				PRODUCT_BUNDLE_IDENTIFIER = com.gladstone.vision.ShoWorks;
				PRODUCT_NAME = "$(TARGET_NAME)";
				SUPPORTED_PLATFORMS = "xros xrsimulator";
				SUPPORTS_MACCATALYST = NO;
				SUPPORTS_MAC_DESIGNED_FOR_IPHONE_IPAD = NO;
				SUPPORTS_XR_DESIGNED_FOR_IPHONE_IPAD = NO;
				SWIFT_EMIT_LOC_STRINGS = YES;
				SWIFT_VERSION = 5.0;
				TARGETED_DEVICE_FAMILY = "1,7";
			};
			name = Debug;
		};
		CFE6ED212A5EB57200F6867E /* Release */ = {
			isa = XCBuildConfiguration;
			buildSettings = {
				ASSETCATALOG_COMPILER_APPICON_NAME = AppIcon;
				ASSETCATALOG_COMPILER_GLOBAL_ACCENT_COLOR_NAME = AccentColor;
				CODE_SIGN_STYLE = Automatic;
				CURRENT_PROJECT_VERSION = 1;
				DEVELOPMENT_ASSET_PATHS = "\"ShoWorks/Preview Content\"";
				DEVELOPMENT_TEAM = 34P54SA2XE;
				ENABLE_PREVIEWS = YES;
				FRAMEWORK_SEARCH_PATHS = (
					"$(inherited)",
					"$(PROJECT_DIR)/ShoWorks/Amazon/AWS",
					"$(PROJECT_DIR)/ShoWorks/Amazon/AWS/third-party",
				);
				GENERATE_INFOPLIST_FILE = YES;
				INFOPLIST_KEY_UIApplicationSceneManifest_Generation = YES;
				LD_RUNPATH_SEARCH_PATHS = (
					"$(inherited)",
					"@executable_path/Frameworks",
				);
				MARKETING_VERSION = 1.0;
				PRODUCT_BUNDLE_IDENTIFIER = com.gladstone.vision.ShoWorks;
				PRODUCT_NAME = "$(TARGET_NAME)";
				SUPPORTED_PLATFORMS = "xros xrsimulator";
				SUPPORTS_MACCATALYST = NO;
				SUPPORTS_MAC_DESIGNED_FOR_IPHONE_IPAD = NO;
				SUPPORTS_XR_DESIGNED_FOR_IPHONE_IPAD = NO;
				SWIFT_EMIT_LOC_STRINGS = YES;
				SWIFT_VERSION = 5.0;
				TARGETED_DEVICE_FAMILY = "1,7";
			};
			name = Release;
		};
/* End XCBuildConfiguration section */

/* Begin XCConfigurationList section */
		CFE6ED082A5EB57100F6867E /* Build configuration list for PBXProject "ShoWorks" */ = {
			isa = XCConfigurationList;
			buildConfigurations = (
				CFE6ED1D2A5EB57200F6867E /* Debug */,
				CFE6ED1E2A5EB57200F6867E /* Release */,
			);
			defaultConfigurationIsVisible = 0;
			defaultConfigurationName = Release;
		};
		CFE6ED1F2A5EB57200F6867E /* Build configuration list for PBXNativeTarget "ShoWorks" */ = {
			isa = XCConfigurationList;
			buildConfigurations = (
				CFE6ED202A5EB57200F6867E /* Debug */,
				CFE6ED212A5EB57200F6867E /* Release */,
			);
			defaultConfigurationIsVisible = 0;
			defaultConfigurationName = Release;
		};
/* End XCConfigurationList section */

/* Begin XCRemoteSwiftPackageReference section */
		CF4384432A66A205000A7022 /* XCRemoteSwiftPackageReference "ActivityIndicatorView" */ = {
			isa = XCRemoteSwiftPackageReference;
			repositoryURL = "https://github.com/exyte/ActivityIndicatorView.git";
			requirement = {
				kind = upToNextMajorVersion;
				minimumVersion = 1.1.1;
			};
		};
		CFA093372A715D720013E6B3 /* XCRemoteSwiftPackageReference "aws-sdk-swift" */ = {
			isa = XCRemoteSwiftPackageReference;
			repositoryURL = "https://github.com/awslabs/aws-sdk-swift";
			requirement = {
				kind = upToNextMajorVersion;
				minimumVersion = 0.21.0;
			};
		};
/* End XCRemoteSwiftPackageReference section */

/* Begin XCSwiftPackageProductDependency section */
		CF4384442A66A205000A7022 /* ActivityIndicatorView */ = {
			isa = XCSwiftPackageProductDependency;
			package = CF4384432A66A205000A7022 /* XCRemoteSwiftPackageReference "ActivityIndicatorView" */;
			productName = ActivityIndicatorView;
		};
		CFA093382A715D730013E6B3 /* AWSAccount */ = {
			isa = XCSwiftPackageProductDependency;
			package = CFA093372A715D720013E6B3 /* XCRemoteSwiftPackageReference "aws-sdk-swift" */;
			productName = AWSAccount;
		};
		CFA0933A2A715D730013E6B3 /* AWSAppConfig */ = {
			isa = XCSwiftPackageProductDependency;
			package = CFA093372A715D720013E6B3 /* XCRemoteSwiftPackageReference "aws-sdk-swift" */;
			productName = AWSAppConfig;
		};
		CFA0933C2A715D730013E6B3 /* AWSAppConfigData */ = {
			isa = XCSwiftPackageProductDependency;
			package = CFA093372A715D720013E6B3 /* XCRemoteSwiftPackageReference "aws-sdk-swift" */;
			productName = AWSAppConfigData;
		};
		CFA0933E2A715D730013E6B3 /* AWSConnect */ = {
			isa = XCSwiftPackageProductDependency;
			package = CFA093372A715D720013E6B3 /* XCRemoteSwiftPackageReference "aws-sdk-swift" */;
			productName = AWSConnect;
		};
		CFA093402A715D730013E6B3 /* AWSIAM */ = {
			isa = XCSwiftPackageProductDependency;
			package = CFA093372A715D720013E6B3 /* XCRemoteSwiftPackageReference "aws-sdk-swift" */;
			productName = AWSIAM;
		};
		CFA093422A715D730013E6B3 /* AWSMobile */ = {
			isa = XCSwiftPackageProductDependency;
			package = CFA093372A715D720013E6B3 /* XCRemoteSwiftPackageReference "aws-sdk-swift" */;
			productName = AWSMobile;
		};
		CFA093442A715D730013E6B3 /* AWSPinpoint */ = {
			isa = XCSwiftPackageProductDependency;
			package = CFA093372A715D720013E6B3 /* XCRemoteSwiftPackageReference "aws-sdk-swift" */;
			productName = AWSPinpoint;
		};
		CFA093462A715D730013E6B3 /* AWSS3 */ = {
			isa = XCSwiftPackageProductDependency;
			package = CFA093372A715D720013E6B3 /* XCRemoteSwiftPackageReference "aws-sdk-swift" */;
			productName = AWSS3;
		};
		CFA093482A715D730013E6B3 /* AWSS3Control */ = {
			isa = XCSwiftPackageProductDependency;
			package = CFA093372A715D720013E6B3 /* XCRemoteSwiftPackageReference "aws-sdk-swift" */;
			productName = AWSS3Control;
		};
		CFA0934A2A715D730013E6B3 /* AWSS3Outposts */ = {
			isa = XCSwiftPackageProductDependency;
			package = CFA093372A715D720013E6B3 /* XCRemoteSwiftPackageReference "aws-sdk-swift" */;
			productName = AWSS3Outposts;
		};
		CFE6ED122A5EB57100F6867E /* RealityKitContent */ = {
			isa = XCSwiftPackageProductDependency;
			productName = RealityKitContent;
		};
/* End XCSwiftPackageProductDependency section */
	};
	rootObject = CFE6ED052A5EB57100F6867E /* Project object */;
}
